{
  "name": "databasemigrationtool",
  "version": "1.0.1",
  "lockfileVersion": 3,
  "requires": true,
  "packages": {
    "": {
      "name": "databasemigrationtool",
      "version": "1.0.1",
      "license": "MIT",
      "dependencies": {
        "authenticationandauthorization": "^1.0.1"
      }
    },
    "node_modules/authenticationandauthorization": {
      "version": "1.0.1",
      "resolved": "https://registry.npmjs.org/authenticationandauthorization/-/authenticationandauthorization-1.0.1.tgz",
      "integrity": "sha512-DWIuGvXZvPHPSNkmcCgZ9qzye8eKH0m2EMukBxT+zrn4ef8kC6Ycz9x3vtMzNDBHVBHU1IVoRZttrxPer4mVQQ==",
      "dependencies": {
        "databasemigrationtool": "^1.0.0"
      }
    },
    "node_modules/databasemigrationtool": {
      "version": "1.0.0",
      "resolved": "https://registry.npmjs.org/databasemigrationtool/-/databasemigrationtool-1.0.0.tgz",
      "integrity": "sha512-b+NzrYU0LJpv53YDV3UEAbbYBXJyFqZkZg2kxLHD8CLZaynq4ZN2lWdLrRIft+3nE7I355JpKZKYJmUolKVmcA=="
    }
  }
}
