{
  "name": "databasemigrationtool",
  "version": "1.0.0",
  "lockfileVersion": 3,
  "requires": true,
  "packages": {
    "": {
      "name": "databasemigrationtool",
      "version": "1.0.0",
      "license": "MIT",
      "dependencies": {
        "authenticationandauthorization": "^1.0.0"
      }
    },
    "node_modules/authenticationandauthorization": {
      "version": "1.0.0",
      "resolved": "https://registry.npmjs.org/authenticationandauthorization/-/authenticationandauthorization-1.0.0.tgz",
      "integrity": "sha512-AXJ4eC2MQO/TI6Hcukuc9VH1q5RdS8TR5M1vcufIuNdomntLpGycfFPKBWgqTfKg6kD6sfUM8lbISvTufIp9Xw=="
    }
  }
}
